
Microsoft Visual Studio Solution File, Format Version 12.00
# Visual Studio 15
VisualStudioVersion = 15.0.28307.168
MinimumVisualStudioVersion = 10.0.40219.1
Project("{FAE04EC0-301F-11D3-BF4B-00C04F79EFBC}") = "AppHW3", "AppHW3\AppHW3.csproj", "{DFDAC862-C112-403D-A610-D7323AACEF66}"
EndProject
Global
	GlobalSection(SolutionConfigurationPlatforms) = preSolution
		Debug|Any CPU = Debug|Any CPU
		Release|Any CPU = Release|Any CPU
	EndGlobalSection
	GlobalSection(ProjectConfigurationPlatforms) = postSolution
		{DFDAC862-C112-403D-A610-D7323AACEF66}.Debug|Any CPU.ActiveCfg = Debug|Any CPU
		{DFDAC862-C112-403D-A610-D7323AACEF66}.Debug|Any CPU.Build.0 = Debug|Any CPU
		{DFDAC862-C112-403D-A610-D7323AACEF66}.Debug|Any CPU.Deploy.0 = Debug|Any CPU
		{DFDAC862-C112-403D-A610-D7323AACEF66}.Release|Any CPU.ActiveCfg = Release|Any CPU
		{DFDAC862-C112-403D-A610-D7323AACEF66}.Release|Any CPU.Build.0 = Release|Any CPU
		{DFDAC862-C112-403D-A610-D7323AACEF66}.Release|Any CPU.Deploy.0 = Release|Any CPU
	EndGlobalSection
	GlobalSection(SolutionProperties) = preSolution
		HideSolutionNode = FALSE
	EndGlobalSection
	GlobalSection(ExtensibilityGlobals) = postSolution
		SolutionGuid = {0D8825D5-9B77-41F2-9B29-7515BA515AA0}
	EndGlobalSection
EndGlobal
